<?xml version="1.0" encoding="utf-8"?>
<Project ToolsVersion="4.0" xmlns="http://schemas.microsoft.com/developer/msbuild/2003">
  <ItemGroup>
    <ClCompile Include="Externals\imgui\imgui.cpp" />
    <ClCompile Include="Externals\imgui\imgui_demo.cpp" />
    <ClCompile Include="Externals\imgui\imgui_draw.cpp" />
    <ClCompile Include="Externals\imgui\imgui_tables.cpp" />
    <ClCompile Include="Externals\imgui\imgui_widgets.cpp" />
    <ClCompile Include="Externals\imgui\imgui_impl_dx12.cpp" />
    <ClCompile Include="Externals\imgui\imgui_impl_sdl2.cpp" />
    <ClCompile Include="Codes\Source\Engine\AtrumEngine.cpp">
      <Filter>Source</Filter>
    </ClCompile>
    <ClCompile Include="Codes\Source\Engine\Audio.cpp">
      <Filter>Source</Filter>
    </ClCompile>
    <ClCompile Include="Codes\Source\Geometry\Bezier.cpp">
      <Filter>Source</Filter>
    </ClCompile>
    <ClCompile Include="Codes\Source\Collision\Collision2D.cpp">
      <Filter>Source</Filter>
    </ClCompile>
    <ClCompile Include="Codes\Source\Collision\CollisionManager.cpp">
      <Filter>Source</Filter>
    </ClCompile>
    <ClCompile Include="Codes\Source\Engine\CommandContext.cpp">
      <Filter>Source</Filter>
    </ClCompile>
    <ClCompile Include="Codes\Source\Collision\ContactConstraint.cpp">
      <Filter>Source</Filter>
    </ClCompile>
    <ClCompile Include="Codes\Source\String\ConvertString.cpp">
      <Filter>Source</Filter>
    </ClCompile>
    <ClCompile Include="Codes\Source\Engine\CreateBufferResource.cpp">
      <Filter>Source</Filter>
    </ClCompile>
    <ClCompile Include="Codes\Source\Debug\DebugCamera.cpp">
      <Filter>Source</Filter>
    </ClCompile>
    <ClCompile Include="Codes\Source\Time\DeltaTime.cpp">
      <Filter>Source</Filter>
    </ClCompile>
    <ClCompile Include="Codes\Source\Engine\DescriptorAllocator.cpp">
      <Filter>Source</Filter>
    </ClCompile>
    <ClCompile Include="Codes\Source\Input\DirectInput.cpp">
      <Filter>Source</Filter>
    </ClCompile>
    <ClCompile Include="Codes\Source\Engine\Fence.cpp">
      <Filter>Source</Filter>
    </ClCompile>
    <ClCompile Include="Codes\Source\Collision\HitMeshBuilder.cpp">
      <Filter>Source</Filter>
    </ClCompile>
    <ClCompile Include="Codes\Source\Engine\IndexBuffer.cpp">
      <Filter>Source</Filter>
    </ClCompile>
    <ClCompile Include="Codes\Source\Debug\Log.cpp">
      <Filter>Source</Filter>
    </ClCompile>
    <ClCompile Include="Codes\Source\Application\main.cpp">
      <Filter>Source</Filter>
    </ClCompile>
    <ClCompile Include="Codes\Source\Math\Matrix2D.cpp">
      <Filter>Source</Filter>
    </ClCompile>
    <ClCompile Include="Codes\Source\Math\Matrix3D.cpp">
      <Filter>Source</Filter>
    </ClCompile>
    <ClCompile Include="Codes\Source\Math\Matrix3x3Physics.cpp">
      <Filter>Source</Filter>
    </ClCompile>
    <ClCompile Include="Codes\Source\Geometry\OBB.cpp">
      <Filter>Source</Filter>
    </ClCompile>
    <ClCompile Include="Codes\Source\Engine\PipelineState.cpp">
      <Filter>Source</Filter>
    </ClCompile>
    <ClCompile Include="Codes\Source\Geometry\Plane.cpp">
      <Filter>Source</Filter>
    </ClCompile>
    <ClCompile Include="Codes\Source\Input\PlayInput.cpp">
      <Filter>Source</Filter>
    </ClCompile>
    <ClCompile Include="Codes\Source\Engine\RenderDevice.cpp">
      <Filter>Source</Filter>
    </ClCompile>
    <ClCompile Include="Codes\Source\Engine\RootSignature.cpp">
      <Filter>Source</Filter>
    </ClCompile>
    <ClCompile Include="Codes\Source\Collision\SAT.cpp">
      <Filter>Source</Filter>
    </ClCompile>
    <ClCompile Include="Codes\Source\Engine\ShaderCompiler.cpp">
      <Filter>Source</Filter>
    </ClCompile>
    <ClCompile Include="Codes\Source\Engine\SwapChain.cpp">
      <Filter>Source</Filter>
    </ClCompile>
    <ClCompile Include="Codes\Source\Math\Vector2.cpp">
      <Filter>Source</Filter>
    </ClCompile>
    <ClCompile Include="Codes\Source\Math\Vector3.cpp">
      <Filter>Source</Filter>
    </ClCompile>
    <ClCompile Include="Codes\Source\Math\Vector4.cpp">
      <Filter>Source</Filter>
    </ClCompile>
    <ClCompile Include="Codes\Source\Engine\VertexBuffer.cpp">
      <Filter>Source</Filter>
    </ClCompile>
  </ItemGroup>
  <ItemGroup>
    <ClInclude Include="Externals\imgui\imgui.h" />
    <ClInclude Include="Externals\imgui\imgui_internal.h" />
    <ClInclude Include="Externals\imgui\imstb_rectpack.h" />
    <ClInclude Include="Externals\imgui\imstb_textedit.h" />
    <ClInclude Include="Externals\imgui\imstb_truetype.h" />
    <ClInclude Include="Externals\imgui\imgui_impl_dx12.h" />
    <ClInclude Include="Externals\imgui\imgui_impl_sdl2.h" />
    <ClInclude Include="Codes\Include\Engine\AssetModel.h">
      <Filter>Include</Filter>
    </ClInclude>
    <ClInclude Include="Codes\Include\Engine\AtrumEngine.h">
      <Filter>Include</Filter>
    </ClInclude>
    <ClInclude Include="Codes\Include\Geometry\Bezier.h">
      <Filter>Include</Filter>
    </ClInclude>
    <ClInclude Include="Codes\Include\Camera\Camera.h">
      <Filter>Include</Filter>
    </ClInclude>
    <ClInclude Include="Codes\Include\Collision\Collision2D.h">
      <Filter>Include</Filter>
    </ClInclude>
    <ClInclude Include="Codes\Include\Collision\CollisionManager.h">
      <Filter>Include</Filter>
    </ClInclude>
    <ClInclude Include="Codes\Include\Collision\CollisionTypes.h">
      <Filter>Include</Filter>
    </ClInclude>
    <ClInclude Include="Codes\Include\Engine\CommandContext.h">
      <Filter>Include</Filter>
    </ClInclude>
    <ClInclude Include="Codes\Include\Engine\ConstantBuffer.h">
      <Filter>Include</Filter>
    </ClInclude>
    <ClInclude Include="Codes\Include\Collision\ContactConstraint.h">
      <Filter>Include</Filter>
    </ClInclude>
    <ClInclude Include="Codes\Include\String\ConvertString.h">
      <Filter>Include</Filter>
    </ClInclude>
    <ClInclude Include="Codes\Include\Engine\CreateBufferResource.h">
      <Filter>Include</Filter>
    </ClInclude>
    <ClInclude Include="Codes\Include\Debug\DebugCamera.h">
      <Filter>Include</Filter>
    </ClInclude>
    <ClInclude Include="Codes\Include\Debug\DebugConsole.h">
      <Filter>Include</Filter>
    </ClInclude>
    <ClInclude Include="Codes\Include\Time\DeltaTime.h">
      <Filter>Include</Filter>
    </ClInclude>
    <ClInclude Include="Codes\Include\Engine\DescriptorAllocator.h">
      <Filter>Include</Filter>
    </ClInclude>
    <ClInclude Include="Codes\Include\Input\DirectInput.h">
      <Filter>Include</Filter>
    </ClInclude>
    <ClInclude Include="Codes\Include\Engine\DirectionalLightData.h">
      <Filter>Include</Filter>
    </ClInclude>
    <ClInclude Include="Codes\Include\Hash\Hash64.h">
      <Filter>Include</Filter>
    </ClInclude>
    <ClInclude Include="Codes\Include\Engine\Fence.h">
      <Filter>Include</Filter>
    </ClInclude>
    <ClInclude Include="Codes\Include\Collision\HitMesh.h">
      <Filter>Include</Filter>
    </ClInclude>
    <ClInclude Include="Codes\Include\Collision\HitMeshBuilder.h">
      <Filter>Include</Filter>
    </ClInclude>
    <ClInclude Include="Codes\Include\Debug\ImGui.h">
      <Filter>Include</Filter>
    </ClInclude>
    <ClInclude Include="Codes\Include\Debug\Log.h">
      <Filter>Include</Filter>
    </ClInclude>
    <ClInclude Include="Codes\Include\Engine\LightData.h">
      <Filter>Include</Filter>
    </ClInclude>
    <ClInclude Include="Codes\Include\Engine\IndexBuffer.h">
      <Filter>Include</Filter>
    </ClInclude>
    <ClInclude Include="Codes\Include\Engine\MaterialData.h">
      <Filter>Include</Filter>
    </ClInclude>
    <ClInclude Include="Codes\Include\Math\Matrix2D.h">
      <Filter>Include</Filter>
    </ClInclude>
    <ClInclude Include="Codes\Include\Math\Matrix3D.h">
      <Filter>Include</Filter>
    </ClInclude>
    <ClInclude Include="Codes\Include\Math\Matrix3x3Physics.h">
      <Filter>Include</Filter>
    </ClInclude>
    <ClInclude Include="Codes\Include\Geometry\OBB.h">
      <Filter>Include</Filter>
    </ClInclude>
    <ClInclude Include="Codes\Include\Engine\PipelineState.h">
      <Filter>Include</Filter>
    </ClInclude>
    <ClInclude Include="Codes\Include\Geometry\Plane.h">
      <Filter>Include</Filter>
    </ClInclude>
    <ClInclude Include="Codes\Include\Input\PlayInput.h">
      <Filter>Include</Filter>
    </ClInclude>
    <ClInclude Include="Codes\Include\Math\Projection.h">
      <Filter>Include</Filter>
    </ClInclude>
    <ClInclude Include="Codes\Include\Geometry\PyramidMesh.h">
      <Filter>Include</Filter>
    </ClInclude>
    <ClInclude Include="Codes\Include\Math\Quaternion.h">
      <Filter>Include</Filter>
    </ClInclude>
    <ClInclude Include="Codes\Include\Engine\RenderDevice.h">
      <Filter>Include</Filter>
    </ClInclude>
    <ClInclude Include="Codes\Include\Engine\RootSignature.h">
      <Filter>Include</Filter>
    </ClInclude>
    <ClInclude Include="Codes\Include\Collision\SAT.h">
      <Filter>Include</Filter>
    </ClInclude>
    <ClInclude Include="Codes\Include\Engine\ShaderCompiler.h">
      <Filter>Include</Filter>
    </ClInclude>
    <ClInclude Include="Codes\Include\Cast\StaticCast.h">
      <Filter>Include</Filter>
    </ClInclude>
    <ClInclude Include="Codes\Include\Engine\SwapChain.h">
      <Filter>Include</Filter>
    </ClInclude>
    <ClInclude Include="Codes\Include\Engine\Texture.h">
      <Filter>Include</Filter>
    </ClInclude>
    <ClInclude Include="Codes\Include\Engine\TransformationData.h">
      <Filter>Include</Filter>
    </ClInclude>
    <ClInclude Include="Codes\Include\Math\Transform.h">
      <Filter>Include</Filter>
    </ClInclude>
    <ClInclude Include="Codes\Include\Geometry\Triangle.h">
      <Filter>Include</Filter>
    </ClInclude>
    <ClInclude Include="Codes\Include\Math\Vector2.h">
      <Filter>Include</Filter>
    </ClInclude>
    <ClInclude Include="Codes\Include\Math\Vector4.h">
      <Filter>Include</Filter>
    </ClInclude>
    <ClInclude Include="Codes\Include\Engine\VertexBuffer.h">
      <Filter>Include</Filter>
    </ClInclude>
    <ClInclude Include="Codes\Include\Engine\VertexData.h">
      <Filter>Include</Filter>
    </ClInclude>
    <ClInclude Include="Codes\Include\Engine\Window.h">
      <Filter>Include</Filter>
    </ClInclude>
    <ClInclude Include="Codes\Include\Math\Vector3.h">
      <Filter>Include</Filter>
    </ClInclude>
    <ClInclude Include="Codes\Include\Audio\Audio.h">
      <Filter>Include</Filter>
    </ClInclude>
    <ClInclude Include="Codes\Include\Audio\AudioDecoder.h">
      <Filter>Include</Filter>
    </ClInclude>
  </ItemGroup>
  <ItemGroup>
    <Filter Include="Include">
      <UniqueIdentifier>{f9374064-b9b6-4a98-b8c4-b862cd099077}</UniqueIdentifier>
    </Filter>
    <Filter Include="Source">
      <UniqueIdentifier>{aba49542-c454-4ea9-95d7-e0043e600fcf}</UniqueIdentifier>
    </Filter>
  </ItemGroup>
</Project>