<?xml version="1.0" encoding="utf-8"?>
<Project ToolsVersion="4.0" xmlns="http://schemas.microsoft.com/developer/msbuild/2003">
  <ItemGroup>
    <ClCompile Include="Externals\imgui\imgui.cpp">
      <Filter>External_ImGui</Filter>
    </ClCompile>
    <ClCompile Include="Externals\imgui\imgui_demo.cpp">
      <Filter>External_ImGui</Filter>
    </ClCompile>
    <ClCompile Include="Externals\imgui\imgui_draw.cpp">
      <Filter>External_ImGui</Filter>
    </ClCompile>
    <ClCompile Include="Externals\imgui\imgui_impl_dx12.cpp">
      <Filter>External_ImGui</Filter>
    </ClCompile>
    <ClCompile Include="Externals\imgui\imgui_impl_sdl2.cpp">
      <Filter>External_ImGui</Filter>
    </ClCompile>
    <ClCompile Include="Externals\imgui\imgui_tables.cpp">
      <Filter>External_ImGui</Filter>
    </ClCompile>
    <ClCompile Include="Externals\imgui\imgui_widgets.cpp">
      <Filter>External_ImGui</Filter>
    </ClCompile>
    <ClCompile Include="Codes\Source\Debug\DebugCamera.cpp">
      <Filter>Codes\Source\Debug</Filter>
    </ClCompile>
    <ClCompile Include="Codes\Source\Collision\Collision2D.cpp">
      <Filter>Codes\Source\Collision</Filter>
    </ClCompile>
    <ClCompile Include="Codes\Source\Collision\CollisionManager.cpp">
      <Filter>Codes\Source\Collision</Filter>
    </ClCompile>
    <ClCompile Include="Codes\Source\Time\DeltaTime.cpp">
      <Filter>Codes\Source\Time</Filter>
    </ClCompile>
    <ClCompile Include="Codes\Source\Input\DirectInput.cpp">
      <Filter>Codes\Source\Input</Filter>
    </ClCompile>
    <ClCompile Include="Codes\Source\Input\PlayInput.cpp">
      <Filter>Codes\Source\Input</Filter>
    </ClCompile>
    <ClCompile Include="Codes\Source\Geometry\Bezier.cpp">
      <Filter>Codes\Source\Geometry</Filter>
    </ClCompile>
    <ClCompile Include="Codes\Source\Collision\ContactConstraint.cpp">
      <Filter>Codes\Source\Collision</Filter>
    </ClCompile>
    <ClCompile Include="Codes\Source\String\ConvertString.cpp">
      <Filter>Codes\Source\String</Filter>
    </ClCompile>
    <ClCompile Include="Codes\Source\Collision\HitMeshBuilder.cpp">
      <Filter>Codes\Source\Collision</Filter>
    </ClCompile>
    <ClCompile Include="Codes\Source\Debug\Log.cpp">
      <Filter>Codes\Source\Debug</Filter>
    </ClCompile>
    <ClCompile Include="Codes\Source\Application\main.cpp">
      <Filter>Codes\Source\Application</Filter>
    </ClCompile>
    <ClCompile Include="Codes\Source\Math\Matrix3x3.cpp">
      <Filter>Codes\Source\Math</Filter>
    </ClCompile>
    <ClCompile Include="Codes\Source\Math\Matrix4x4.cpp">
      <Filter>Codes\Source\Math</Filter>
    </ClCompile>
    <ClCompile Include="Codes\Source\Math\Matrix3x3Physics.cpp">
      <Filter>Codes\Source\Math</Filter>
    </ClCompile>
    <ClCompile Include="Codes\Source\Geometry\OBB.cpp">
      <Filter>Codes\Source\Geometry</Filter>
    </ClCompile>
    <ClCompile Include="Codes\Source\Geometry\Plane.cpp">
      <Filter>Codes\Source\Geometry</Filter>
    </ClCompile>
    <ClCompile Include="Codes\Source\Collision\SAT.cpp">
      <Filter>Codes\Source\Collision</Filter>
    </ClCompile>
    <ClCompile Include="Codes\Source\Math\Vector4.cpp">
      <Filter>Codes\Source\Math</Filter>
    </ClCompile>
    <ClCompile Include="Codes\Source\Math\Vector3.cpp">
      <Filter>Codes\Source\Math</Filter>
    </ClCompile>
    <ClCompile Include="Codes\Source\Math\Vector2.cpp">
      <Filter>Codes\Source\Math</Filter>
    </ClCompile>
    <ClCompile Include="Codes\Source\Engine\AtrumEngine.cpp">
      <Filter>Codes\Source\Engine</Filter>
    </ClCompile>
    <ClCompile Include="Codes\Source\Audio\Audio.cpp">
      <Filter>Codes\Source\Audio</Filter>
    </ClCompile>
    <ClCompile Include="Codes\Source\Engine\Command\CommandContext.cpp">
      <Filter>Codes\Source\Engine\Command</Filter>
    </ClCompile>
    <ClCompile Include="Codes\Source\Engine\Command\Fence.cpp">
      <Filter>Codes\Source\Engine\Command</Filter>
    </ClCompile>
    <ClCompile Include="Codes\Source\Engine\Device\RenderDevice.cpp">
      <Filter>Codes\Source\Engine\Device</Filter>
    </ClCompile>
    <ClCompile Include="Codes\Source\Engine\Device\SwapChain.cpp">
      <Filter>Codes\Source\Engine\Device</Filter>
    </ClCompile>
    <ClCompile Include="Codes\Source\Engine\Pipeline\RootSignature.cpp">
      <Filter>Codes\Source\Engine\Pipeline</Filter>
    </ClCompile>
    <ClCompile Include="Codes\Source\Engine\Pipeline\PipelineState.cpp">
      <Filter>Codes\Source\Engine\Pipeline</Filter>
    </ClCompile>
    <ClCompile Include="Codes\Source\Engine\Renderer\Draw.cpp">
      <Filter>Codes\Source\Engine\Renderer</Filter>
    </ClCompile>
    <ClCompile Include="Codes\Source\Engine\Renderer\DrawSprite.cpp">
      <Filter>Codes\Source\Engine\Renderer</Filter>
    </ClCompile>
    <ClCompile Include="Codes\Source\Engine\Resource\CreateBufferResource.cpp">
      <Filter>Codes\Source\Engine\Resource</Filter>
    </ClCompile>
    <ClCompile Include="Codes\Source\Engine\Resource\DescriptorAllocator.cpp">
      <Filter>Codes\Source\Engine\Resource</Filter>
    </ClCompile>
    <ClCompile Include="Codes\Source\Engine\Resource\IndexBuffer.cpp">
      <Filter>Codes\Source\Engine\Resource</Filter>
    </ClCompile>
    <ClCompile Include="Codes\Source\Engine\Resource\ModelStorage.cpp">
      <Filter>Codes\Source\Engine\Resource</Filter>
    </ClCompile>
    <ClCompile Include="Codes\Source\Engine\Resource\TextureStorage.cpp">
      <Filter>Codes\Source\Engine\Resource</Filter>
    </ClCompile>
    <ClCompile Include="Codes\Source\Engine\Resource\VertexBuffer.cpp">
      <Filter>Codes\Source\Engine\Resource</Filter>
    </ClCompile>
    <ClCompile Include="Codes\Source\Engine\Shader\ShaderCompiler.cpp">
      <Filter>Codes\Source\Engine\Shader</Filter>
    </ClCompile>
    <ClCompile Include="Codes\Source\Json\JsonTest.cpp">
      <Filter>Codes\Source\Json</Filter>
    </ClCompile>
    <ClCompile Include="Externals\imgui\misc\cpp\imgui_stdlib.cpp">
      <Filter>External_ImGui\misc\cpp</Filter>
    </ClCompile>
    <ClCompile Include="Codes\Source\Engine\Platform\Window\Window.cpp">
      <Filter>Codes\Source\Engine\Platform\Window</Filter>
    </ClCompile>
    <ClCompile Include="Codes\Source\System\EntityStorage.cpp">
      <Filter>Codes\Source\System</Filter>
    </ClCompile>
    <ClCompile Include="Codes\Source\Audio\AudioDecoder.cpp">
      <Filter>Codes\Source\Audio</Filter>
    </ClCompile>
    <ClCompile Include="Codes\Source\Audio\VoiceCallBack.cpp">
      <Filter>Codes\Source\Audio</Filter>
    </ClCompile>
    <ClCompile Include="Codes\Source\Audio\StreamingVoiceCallBack.cpp">
      <Filter>Codes\Source\Audio</Filter>
    </ClCompile>
    <ClCompile Include="Codes\Source\File\FileSize.cpp">
      <Filter>Codes\Source\File</Filter>
    </ClCompile>
    <ClCompile Include="Codes\Source\System\Entity.cpp">
      <Filter>Codes\Source\System</Filter>
    </ClCompile>
  </ItemGroup>
  <ItemGroup>
    <ClInclude Include="Externals\imgui\imgui.h">
      <Filter>External_ImGui</Filter>
    </ClInclude>
    <ClInclude Include="Externals\imgui\imgui_impl_dx12.h">
      <Filter>External_ImGui</Filter>
    </ClInclude>
    <ClInclude Include="Externals\imgui\imgui_impl_sdl2.h">
      <Filter>External_ImGui</Filter>
    </ClInclude>
    <ClInclude Include="Externals\imgui\imgui_internal.h">
      <Filter>External_ImGui</Filter>
    </ClInclude>
    <ClInclude Include="Externals\imgui\imstb_rectpack.h">
      <Filter>External_ImGui</Filter>
    </ClInclude>
    <ClInclude Include="Externals\imgui\imstb_textedit.h">
      <Filter>External_ImGui</Filter>
    </ClInclude>
    <ClInclude Include="Externals\imgui\imstb_truetype.h">
      <Filter>External_ImGui</Filter>
    </ClInclude>
    <ClInclude Include="Codes\Include\Audio\Audio.h">
      <Filter>Codes\Include\Audio</Filter>
    </ClInclude>
    <ClInclude Include="Codes\Include\Audio\AudioDecoder.h">
      <Filter>Codes\Include\Audio</Filter>
    </ClInclude>
    <ClInclude Include="Codes\Include\Camera\Camera.h">
      <Filter>Codes\Include\Camera</Filter>
    </ClInclude>
    <ClInclude Include="Codes\Include\Collision\Collision2D.h">
      <Filter>Codes\Include\Collision</Filter>
    </ClInclude>
    <ClInclude Include="Codes\Include\Collision\CollisionManager.h">
      <Filter>Codes\Include\Collision</Filter>
    </ClInclude>
    <ClInclude Include="Codes\Include\Collision\CollisionTypes.h">
      <Filter>Codes\Include\Collision</Filter>
    </ClInclude>
    <ClInclude Include="Codes\Include\Geometry\Bezier.h">
      <Filter>Codes\Include\Geometry</Filter>
    </ClInclude>
    <ClInclude Include="Codes\Include\Collision\ContactConstraint.h">
      <Filter>Codes\Include\Collision</Filter>
    </ClInclude>
    <ClInclude Include="Codes\Include\String\ConvertString.h">
      <Filter>Codes\Include\String</Filter>
    </ClInclude>
    <ClInclude Include="Codes\Include\Debug\DebugCamera.h">
      <Filter>Codes\Include\Debug</Filter>
    </ClInclude>
    <ClInclude Include="Codes\Include\Debug\DebugConsole.h">
      <Filter>Codes\Include\Debug</Filter>
    </ClInclude>
    <ClInclude Include="Codes\Include\Time\DeltaTime.h">
      <Filter>Codes\Include\Time</Filter>
    </ClInclude>
    <ClInclude Include="Codes\Include\Input\DirectInput.h">
      <Filter>Codes\Include\Input</Filter>
    </ClInclude>
    <ClInclude Include="Codes\Include\Input\PlayInput.h">
      <Filter>Codes\Include\Input</Filter>
    </ClInclude>
    <ClInclude Include="Codes\Include\Cast\StaticCast.h">
      <Filter>Codes\Include\Cast</Filter>
    </ClInclude>
    <ClInclude Include="Codes\Include\Hash\Hash64.h">
      <Filter>Codes\Include\Hash</Filter>
    </ClInclude>
    <ClInclude Include="Codes\Include\Collision\HitMesh.h">
      <Filter>Codes\Include\Collision</Filter>
    </ClInclude>
    <ClInclude Include="Codes\Include\Collision\HitMeshBuilder.h">
      <Filter>Codes\Include\Collision</Filter>
    </ClInclude>
    <ClInclude Include="Codes\Include\Debug\ImGui.h">
      <Filter>Codes\Include\Debug</Filter>
    </ClInclude>
    <ClInclude Include="Codes\Include\Debug\Log.h">
      <Filter>Codes\Include\Debug</Filter>
    </ClInclude>
    <ClInclude Include="Codes\Include\Math\Matrix3x3Physics.h">
      <Filter>Codes\Include\Math</Filter>
    </ClInclude>
    <ClInclude Include="Codes\Include\Math\Matrix4x4.h">
      <Filter>Codes\Include\Math</Filter>
    </ClInclude>
    <ClInclude Include="Codes\Include\Math\Matrix3x3.h">
      <Filter>Codes\Include\Math</Filter>
    </ClInclude>
    <ClInclude Include="Codes\Include\Geometry\OBB.h">
      <Filter>Codes\Include\Geometry</Filter>
    </ClInclude>
    <ClInclude Include="Codes\Include\Geometry\Plane.h">
      <Filter>Codes\Include\Geometry</Filter>
    </ClInclude>
    <ClInclude Include="Codes\Include\Geometry\PyramidMesh.h">
      <Filter>Codes\Include\Geometry</Filter>
    </ClInclude>
    <ClInclude Include="Codes\Include\Geometry\Triangle.h">
      <Filter>Codes\Include\Geometry</Filter>
    </ClInclude>
    <ClInclude Include="Codes\Include\Math\Quaternion.h">
      <Filter>Codes\Include\Math</Filter>
    </ClInclude>
    <ClInclude Include="Codes\Include\Collision\SAT.h">
      <Filter>Codes\Include\Collision</Filter>
    </ClInclude>
    <ClInclude Include="Codes\Include\Math\Transform.h">
      <Filter>Codes\Include\Math</Filter>
    </ClInclude>
    <ClInclude Include="Codes\Include\Math\Vector2.h">
      <Filter>Codes\Include\Math</Filter>
    </ClInclude>
    <ClInclude Include="Codes\Include\Math\Vector3.h">
      <Filter>Codes\Include\Math</Filter>
    </ClInclude>
    <ClInclude Include="Codes\Include\Math\Vector4.h">
      <Filter>Codes\Include\Math</Filter>
    </ClInclude>
    <ClInclude Include="Codes\Include\Engine\AtrumEngine.h">
      <Filter>Codes\Include\Engine</Filter>
    </ClInclude>
    <ClInclude Include="Codes\Include\Engine\Resource\AssetModel.h">
      <Filter>Codes\Include\Engine\Resource</Filter>
    </ClInclude>
    <ClInclude Include="Codes\Include\Engine\Platform\Window\Window.h">
      <Filter>Codes\Include\Engine\Platform\Window</Filter>
    </ClInclude>
    <ClInclude Include="Codes\Include\Engine\Command\CommandContext.h">
      <Filter>Codes\Include\Engine\Command</Filter>
    </ClInclude>
    <ClInclude Include="Codes\Include\Engine\Resource\CreateBufferResource.h">
      <Filter>Codes\Include\Engine\Resource</Filter>
    </ClInclude>
    <ClInclude Include="Codes\Include\Engine\Resource\DescriptorAllocator.h">
      <Filter>Codes\Include\Engine\Resource</Filter>
    </ClInclude>
    <ClInclude Include="Codes\Include\Engine\Resource\DirectionalLightData.h">
      <Filter>Codes\Include\Engine\Resource</Filter>
    </ClInclude>
    <ClInclude Include="Codes\Include\Engine\Resource\IndexBuffer.h">
      <Filter>Codes\Include\Engine\Resource</Filter>
    </ClInclude>
    <ClInclude Include="Codes\Include\Engine\Resource\LightData.h">
      <Filter>Codes\Include\Engine\Resource</Filter>
    </ClInclude>
    <ClInclude Include="Codes\Include\Engine\Resource\MaterialData.h">
      <Filter>Codes\Include\Engine\Resource</Filter>
    </ClInclude>
    <ClInclude Include="Codes\Include\Engine\Resource\ModelStorage.h">
      <Filter>Codes\Include\Engine\Resource</Filter>
    </ClInclude>
    <ClInclude Include="Codes\Include\Engine\Resource\Texture.h">
      <Filter>Codes\Include\Engine\Resource</Filter>
    </ClInclude>
    <ClInclude Include="Codes\Include\Engine\Resource\TextureStorage.h">
      <Filter>Codes\Include\Engine\Resource</Filter>
    </ClInclude>
    <ClInclude Include="Codes\Include\Engine\Resource\TransformationData.h">
      <Filter>Codes\Include\Engine\Resource</Filter>
    </ClInclude>
    <ClInclude Include="Codes\Include\Engine\Resource\VertexBuffer.h">
      <Filter>Codes\Include\Engine\Resource</Filter>
    </ClInclude>
    <ClInclude Include="Codes\Include\Engine\Resource\VertexData.h">
      <Filter>Codes\Include\Engine\Resource</Filter>
    </ClInclude>
    <ClInclude Include="Codes\Include\Engine\Renderer\Draw.h">
      <Filter>Codes\Include\Engine\Renderer</Filter>
    </ClInclude>
    <ClInclude Include="Codes\Include\Engine\Renderer\DrawSprite.h">
      <Filter>Codes\Include\Engine\Renderer</Filter>
    </ClInclude>
    <ClInclude Include="Codes\Include\Engine\Resource\ConstantBuffer.h">
      <Filter>Codes\Include\Engine\Resource</Filter>
    </ClInclude>
    <ClInclude Include="Codes\Include\Engine\Pipeline\PipelineState.h">
      <Filter>Codes\Include\Engine\Pipeline</Filter>
    </ClInclude>
    <ClInclude Include="Codes\Include\Engine\Pipeline\RootSignature.h">
      <Filter>Codes\Include\Engine\Pipeline</Filter>
    </ClInclude>
    <ClInclude Include="Codes\Include\Engine\Command\Fence.h">
      <Filter>Codes\Include\Engine\Command</Filter>
    </ClInclude>
    <ClInclude Include="Codes\Include\Engine\Device\RenderDevice.h">
      <Filter>Codes\Include\Engine\Device</Filter>
    </ClInclude>
    <ClInclude Include="Codes\Include\Engine\Device\SwapChain.h">
      <Filter>Codes\Include\Engine\Device</Filter>
    </ClInclude>
    <ClInclude Include="Codes\Include\Engine\Shader\ShaderCompiler.h">
      <Filter>Codes\Include\Engine\Shader</Filter>
    </ClInclude>
    <ClInclude Include="Codes\Include\Json\JsonHandler.h">
      <Filter>Codes\Include\Json</Filter>
    </ClInclude>
    <ClInclude Include="Codes\Include\Json\JsonTest.h">
      <Filter>Codes\Include\Json</Filter>
    </ClInclude>
    <ClInclude Include="Externals\imgui\misc\cpp\imgui_stdlib.h">
      <Filter>External_ImGui\misc\cpp</Filter>
    </ClInclude>
    <ClInclude Include="Codes\Include\Json\PfrJsonHandler.h">
      <Filter>Codes\Include\Json</Filter>
    </ClInclude>
    <ClInclude Include="Codes\Include\Debug\DebugLayer.h">
      <Filter>Codes\Include\Debug</Filter>
    </ClInclude>
    <ClInclude Include="Codes\Include\Debug\ErrorSupression.h">
      <Filter>Codes\Include\Debug</Filter>
    </ClInclude>
    <ClInclude Include="Codes\Include\Debug\SetBreakOnSeverity.h">
      <Filter>Codes\Include\Debug</Filter>
    </ClInclude>
    <ClInclude Include="Codes\Include\System\Entity.h">
      <Filter>Codes\Include\System</Filter>
    </ClInclude>
    <ClInclude Include="Codes\Include\System\Component.h">
      <Filter>Codes\Include\System</Filter>
    </ClInclude>
    <ClInclude Include="Codes\Include\System\EntityStorage.h">
      <Filter>Codes\Include\System</Filter>
    </ClInclude>
    <ClInclude Include="Codes\Include\Engine\Alias\CoreAlias.h">
      <Filter>Codes\Include\Engine\Alias</Filter>
    </ClInclude>
    <ClInclude Include="Codes\Include\Engine\Alias\PhysicsAlias.h">
      <Filter>Codes\Include\Engine\Alias</Filter>
    </ClInclude>
    <ClInclude Include="Codes\Include\Engine\Alias\GeometryAlias.h">
      <Filter>Codes\Include\Engine\Alias</Filter>
    </ClInclude>
    <ClInclude Include="Codes\Include\Engine\Alias\InputAlias.h">
      <Filter>Codes\Include\Engine\Alias</Filter>
    </ClInclude>
    <ClInclude Include="Codes\Include\Engine\Alias\DebugAlias.h">
      <Filter>Codes\Include\Engine\Alias</Filter>
    </ClInclude>
    <ClInclude Include="Codes\Include\Audio\StreamingSourceVoice.h">
      <Filter>Codes\Include\Audio</Filter>
    </ClInclude>
    <ClInclude Include="Codes\Include\Audio\VoiceState.h">
      <Filter>Codes\Include\Audio</Filter>
    </ClInclude>
    <ClInclude Include="Codes\Include\Geometry\GeometryTypes.h">
      <Filter>Codes\Include\Geometry</Filter>
    </ClInclude>
    <ClInclude Include="Codes\Include\Audio\VoiceCallBack.h">
      <Filter>Codes\Include\Audio</Filter>
    </ClInclude>
    <ClInclude Include="Codes\Include\Audio\StreamingVoiceCallBack.h">
      <Filter>Codes\Include\Audio</Filter>
    </ClInclude>
    <ClInclude Include="Codes\Include\Audio\SourceVoice.h">
      <Filter>Codes\Include\Audio</Filter>
    </ClInclude>
    <ClInclude Include="Codes\Include\File\FileSize.h">
      <Filter>Codes\Include\File</Filter>
    </ClInclude>
    <ClInclude Include="Codes\Include\Audio\AudioHandle.h" />
    <ClInclude Include="Codes\Include\Hit\HitCircle.h" />
    <ClInclude Include="..\AL3_KamataEngine3D\DirectXGame\Easing.h">
      <Filter>Codes\Include\Math</Filter>
    </ClInclude>
    <ClInclude Include="Codes\Include\Math\Lerp.h">
      <Filter>Codes\Include\Math</Filter>
    </ClInclude>
  </ItemGroup>
  <ItemGroup>
    <Filter Include="External_ImGui">
      <UniqueIdentifier>{b84c2eb2-f9c0-4ff2-8c64-bc55f932ce27}</UniqueIdentifier>
    </Filter>
    <Filter Include="Codes">
      <UniqueIdentifier>{900e000f-fc5b-488b-b4d8-7d759bc1668f}</UniqueIdentifier>
    </Filter>
    <Filter Include="Codes\Source">
      <UniqueIdentifier>{aba49542-c454-4ea9-95d7-e0043e600fcf}</UniqueIdentifier>
    </Filter>
    <Filter Include="Codes\Include">
      <UniqueIdentifier>{f9374064-b9b6-4a98-b8c4-b862cd099077}</UniqueIdentifier>
    </Filter>
    <Filter Include="Codes\Include\Audio">
      <UniqueIdentifier>{6508fe82-ebc6-4ce8-a1a3-9669a7d9439d}</UniqueIdentifier>
    </Filter>
    <Filter Include="Codes\Include\Camera">
      <UniqueIdentifier>{fab0dd0f-4bcf-4682-8e86-3c54b9585db2}</UniqueIdentifier>
    </Filter>
    <Filter Include="Codes\Include\Collision">
      <UniqueIdentifier>{ab78ce32-9e4d-4923-ac88-7d3bb0febbd6}</UniqueIdentifier>
    </Filter>
    <Filter Include="Codes\Include\Geometry">
      <UniqueIdentifier>{ce92aacf-c447-45c1-9ac8-cc9606b1e0a7}</UniqueIdentifier>
    </Filter>
    <Filter Include="Codes\Include\String">
      <UniqueIdentifier>{8864796d-ca41-4260-80c9-df344277779c}</UniqueIdentifier>
    </Filter>
    <Filter Include="Codes\Include\Cast">
      <UniqueIdentifier>{9eeb6520-60b5-4226-9134-f18ceac9201c}</UniqueIdentifier>
    </Filter>
    <Filter Include="Codes\Include\Time">
      <UniqueIdentifier>{47f80d08-288b-40d8-8c8f-dccc9fbaafb0}</UniqueIdentifier>
    </Filter>
    <Filter Include="Codes\Include\Input">
      <UniqueIdentifier>{e98cc502-bb96-4358-8138-75bf81e062de}</UniqueIdentifier>
    </Filter>
    <Filter Include="Codes\Include\Math">
      <UniqueIdentifier>{e3d4e1db-67e0-4c75-92c1-08772d568d50}</UniqueIdentifier>
    </Filter>
    <Filter Include="Codes\Include\Hash">
      <UniqueIdentifier>{573e1403-88c0-48b4-90b0-836f58fe5ac6}</UniqueIdentifier>
    </Filter>
    <Filter Include="Codes\Include\Debug">
      <UniqueIdentifier>{0a2a2f1e-216f-4fb0-9e46-6ea7f15ab3c3}</UniqueIdentifier>
    </Filter>
    <Filter Include="Codes\Include\Engine">
      <UniqueIdentifier>{71d6de3f-d2d0-4ef9-8d96-9b61f3ded539}</UniqueIdentifier>
    </Filter>
    <Filter Include="Codes\Source\Audio">
      <UniqueIdentifier>{e1b3bdf8-57d6-458f-8fbe-0421561214c8}</UniqueIdentifier>
    </Filter>
    <Filter Include="Codes\Source\Debug">
      <UniqueIdentifier>{430c27db-76c5-4d81-859c-5149fb5e6687}</UniqueIdentifier>
    </Filter>
    <Filter Include="Codes\Source\Input">
      <UniqueIdentifier>{bc38a932-5962-47ab-819f-0f216676e320}</UniqueIdentifier>
    </Filter>
    <Filter Include="Codes\Source\Math">
      <UniqueIdentifier>{4867987e-9274-414c-ba3d-e3e33988819e}</UniqueIdentifier>
    </Filter>
    <Filter Include="Codes\Source\Time">
      <UniqueIdentifier>{c24392f0-037a-4d5c-bdbb-8e8730ca9c08}</UniqueIdentifier>
    </Filter>
    <Filter Include="Codes\Source\String">
      <UniqueIdentifier>{ed221189-606f-408e-ba68-df02a5959626}</UniqueIdentifier>
    </Filter>
    <Filter Include="Codes\Source\Geometry">
      <UniqueIdentifier>{8d888d4b-98d9-4c6a-a1f9-52776ee0c918}</UniqueIdentifier>
    </Filter>
    <Filter Include="Codes\Source\Application">
      <UniqueIdentifier>{3628ce2a-aeb0-48b2-abc7-4cc1ccff95de}</UniqueIdentifier>
    </Filter>
    <Filter Include="Codes\Source\Engine">
      <UniqueIdentifier>{1047fd15-02f6-4873-aa2d-b98aeb2fdf9f}</UniqueIdentifier>
    </Filter>
    <Filter Include="Codes\Source\Collision">
      <UniqueIdentifier>{ae939f77-4abd-4f98-ab84-f6d15fce7840}</UniqueIdentifier>
    </Filter>
    <Filter Include="Codes\Include\Engine\Device">
      <UniqueIdentifier>{e274a08f-f09a-49b4-9f02-a608783a9700}</UniqueIdentifier>
    </Filter>
    <Filter Include="Codes\Include\Engine\Pipeline">
      <UniqueIdentifier>{7a722a98-0b76-477f-aff5-576be504bafd}</UniqueIdentifier>
    </Filter>
    <Filter Include="Codes\Include\Engine\Platform">
      <UniqueIdentifier>{01783b0c-1a01-466e-84f5-37eb1cba87f8}</UniqueIdentifier>
    </Filter>
    <Filter Include="Codes\Include\Engine\Shader">
      <UniqueIdentifier>{bf984495-4469-4975-a802-0d0449e3ef2d}</UniqueIdentifier>
    </Filter>
    <Filter Include="Codes\Include\Engine\Platform\Window">
      <UniqueIdentifier>{b8cc9764-0571-44ed-95ee-c1ba811f88c1}</UniqueIdentifier>
    </Filter>
    <Filter Include="Codes\Include\Engine\Command">
      <UniqueIdentifier>{61c20277-3e19-49ba-a326-e61cc7a21adb}</UniqueIdentifier>
    </Filter>
    <Filter Include="Codes\Include\Engine\Resource">
      <UniqueIdentifier>{10d85e9a-9d0b-4c22-8609-a4c85ef5f1eb}</UniqueIdentifier>
    </Filter>
    <Filter Include="Codes\Include\Engine\Renderer">
      <UniqueIdentifier>{a0d020ec-bffe-4362-a8e8-aa456089693b}</UniqueIdentifier>
    </Filter>
    <Filter Include="Codes\Source\Engine\Command">
      <UniqueIdentifier>{838c3640-e1bf-4d2e-8af8-0e95f3998cef}</UniqueIdentifier>
    </Filter>
    <Filter Include="Codes\Source\Engine\Device">
      <UniqueIdentifier>{764e1030-756e-4693-920d-17a23f15f677}</UniqueIdentifier>
    </Filter>
    <Filter Include="Codes\Source\Engine\Pipeline">
      <UniqueIdentifier>{32446860-bb4b-4ef5-887d-ee72f3961786}</UniqueIdentifier>
    </Filter>
    <Filter Include="Codes\Source\Engine\Renderer">
      <UniqueIdentifier>{3e594e86-fa9e-4325-9e74-bccdfc7e4128}</UniqueIdentifier>
    </Filter>
    <Filter Include="Codes\Source\Engine\Resource">
      <UniqueIdentifier>{68dd256d-1b97-42f7-8df7-c01f1a744bb0}</UniqueIdentifier>
    </Filter>
    <Filter Include="Codes\Source\Engine\Shader">
      <UniqueIdentifier>{89a205ff-6654-4b11-897b-0edd9cd64644}</UniqueIdentifier>
    </Filter>
    <Filter Include="Codes\Include\Json">
      <UniqueIdentifier>{cb654370-62b6-4bdc-a581-70619720f64c}</UniqueIdentifier>
    </Filter>
    <Filter Include="Codes\Source\Json">
      <UniqueIdentifier>{273621d6-0f20-451f-98cc-e8d51793d29f}</UniqueIdentifier>
    </Filter>
    <Filter Include="External_ImGui\misc">
      <UniqueIdentifier>{0dbabe86-272b-4b16-905c-b4b2feb15a43}</UniqueIdentifier>
    </Filter>
    <Filter Include="External_ImGui\misc\cpp">
      <UniqueIdentifier>{1adedc12-3918-4693-88d9-d24a107eb95e}</UniqueIdentifier>
    </Filter>
    <Filter Include="Codes\Source\Engine\Platform">
      <UniqueIdentifier>{ba388e11-bca2-4111-9b76-fd724bb50223}</UniqueIdentifier>
    </Filter>
    <Filter Include="Codes\Source\Engine\Platform\Window">
      <UniqueIdentifier>{3d5600ac-200c-4a80-8960-697df1bf22c5}</UniqueIdentifier>
    </Filter>
    <Filter Include="Codes\Include\System">
      <UniqueIdentifier>{de234864-88d9-4480-be8f-35cce704131c}</UniqueIdentifier>
    </Filter>
    <Filter Include="Codes\Source\System">
      <UniqueIdentifier>{b4c8cc52-40b6-4403-aacb-4a4394894018}</UniqueIdentifier>
    </Filter>
    <Filter Include="Codes\Include\Engine\Alias">
      <UniqueIdentifier>{2b1c6f48-a18b-40c9-b796-de6a332e2d15}</UniqueIdentifier>
    </Filter>
    <Filter Include="Codes\Include\File">
      <UniqueIdentifier>{274a45f7-dd64-41f6-8e40-42003c11168e}</UniqueIdentifier>
    </Filter>
    <Filter Include="Codes\Source\File">
      <UniqueIdentifier>{f81827bf-835d-4f65-b2bc-94780a23554c}</UniqueIdentifier>
    </Filter>
  </ItemGroup>
</Project>